
Microsoft Visual Studio Solution File, Format Version 12.00
# Visual Studio Version 16
VisualStudioVersion = 16.0.30320.27
MinimumVisualStudioVersion = 10.0.40219.1
Project("{FAE04EC0-301F-11D3-BF4B-00C04F79EFBC}") = "NetsiFlat", "NetsiFlat.csproj", "{3D9D5870-6D48-46DE-AF91-ACEEA2951019}"
EndProject
Project("{FAE04EC0-301F-11D3-BF4B-00C04F79EFBC}") = "NetsiLibrary", "..\NetsiLibray\NetsiLibrary.csproj", "{592A3E0D-B2EA-470D-ABA4-41B13E400046}"
EndProject
Project("{C7167F0D-BC9F-4E6E-AFE1-012C56B48DB5}") = "Setup", "Setup\Setup.wapproj", "{A021794B-2BBB-4751-BA5F-1E06E5E721AA}"
EndProject
Global
	GlobalSection(SolutionConfigurationPlatforms) = preSolution
		Debug|Any CPU = Debug|Any CPU
		Debug|ARM = Debug|ARM
		Debug|ARM64 = Debug|ARM64
		Debug|x64 = Debug|x64
		Debug|x86 = Debug|x86
		Release|Any CPU = Release|Any CPU
		Release|ARM = Release|ARM
		Release|ARM64 = Release|ARM64
		Release|x64 = Release|x64
		Release|x86 = Release|x86
	EndGlobalSection
	GlobalSection(ProjectConfigurationPlatforms) = postSolution
		{3D9D5870-6D48-46DE-AF91-ACEEA2951019}.Debug|Any CPU.ActiveCfg = Debug|Any CPU
		{3D9D5870-6D48-46DE-AF91-ACEEA2951019}.Debug|Any CPU.Build.0 = Debug|Any CPU
		{3D9D5870-6D48-46DE-AF91-ACEEA2951019}.Debug|ARM.ActiveCfg = Debug|Any CPU
		{3D9D5870-6D48-46DE-AF91-ACEEA2951019}.Debug|ARM.Build.0 = Debug|Any CPU
		{3D9D5870-6D48-46DE-AF91-ACEEA2951019}.Debug|ARM64.ActiveCfg = Debug|Any CPU
		{3D9D5870-6D48-46DE-AF91-ACEEA2951019}.Debug|ARM64.Build.0 = Debug|Any CPU
		{3D9D5870-6D48-46DE-AF91-ACEEA2951019}.Debug|x64.ActiveCfg = Debug|Any CPU
		{3D9D5870-6D48-46DE-AF91-ACEEA2951019}.Debug|x64.Build.0 = Debug|Any CPU
		{3D9D5870-6D48-46DE-AF91-ACEEA2951019}.Debug|x86.ActiveCfg = Debug|Any CPU
		{3D9D5870-6D48-46DE-AF91-ACEEA2951019}.Debug|x86.Build.0 = Debug|Any CPU
		{3D9D5870-6D48-46DE-AF91-ACEEA2951019}.Release|Any CPU.ActiveCfg = Release|Any CPU
		{3D9D5870-6D48-46DE-AF91-ACEEA2951019}.Release|Any CPU.Build.0 = Release|Any CPU
		{3D9D5870-6D48-46DE-AF91-ACEEA2951019}.Release|ARM.ActiveCfg = Release|Any CPU
		{3D9D5870-6D48-46DE-AF91-ACEEA2951019}.Release|ARM.Build.0 = Release|Any CPU
		{3D9D5870-6D48-46DE-AF91-ACEEA2951019}.Release|ARM64.ActiveCfg = Release|Any CPU
		{3D9D5870-6D48-46DE-AF91-ACEEA2951019}.Release|ARM64.Build.0 = Release|Any CPU
		{3D9D5870-6D48-46DE-AF91-ACEEA2951019}.Release|x64.ActiveCfg = Release|Any CPU
		{3D9D5870-6D48-46DE-AF91-ACEEA2951019}.Release|x64.Build.0 = Release|Any CPU
		{3D9D5870-6D48-46DE-AF91-ACEEA2951019}.Release|x86.ActiveCfg = Release|Any CPU
		{3D9D5870-6D48-46DE-AF91-ACEEA2951019}.Release|x86.Build.0 = Release|Any CPU
		{592A3E0D-B2EA-470D-ABA4-41B13E400046}.Debug|Any CPU.ActiveCfg = Debug|Any CPU
		{592A3E0D-B2EA-470D-ABA4-41B13E400046}.Debug|Any CPU.Build.0 = Debug|Any CPU
		{592A3E0D-B2EA-470D-ABA4-41B13E400046}.Debug|ARM.ActiveCfg = Debug|Any CPU
		{592A3E0D-B2EA-470D-ABA4-41B13E400046}.Debug|ARM.Build.0 = Debug|Any CPU
		{592A3E0D-B2EA-470D-ABA4-41B13E400046}.Debug|ARM64.ActiveCfg = Debug|Any CPU
		{592A3E0D-B2EA-470D-ABA4-41B13E400046}.Debug|ARM64.Build.0 = Debug|Any CPU
		{592A3E0D-B2EA-470D-ABA4-41B13E400046}.Debug|x64.ActiveCfg = Debug|Any CPU
		{592A3E0D-B2EA-470D-ABA4-41B13E400046}.Debug|x64.Build.0 = Debug|Any CPU
		{592A3E0D-B2EA-470D-ABA4-41B13E400046}.Debug|x86.ActiveCfg = Debug|Any CPU
		{592A3E0D-B2EA-470D-ABA4-41B13E400046}.Debug|x86.Build.0 = Debug|Any CPU
		{592A3E0D-B2EA-470D-ABA4-41B13E400046}.Release|Any CPU.ActiveCfg = Release|Any CPU
		{592A3E0D-B2EA-470D-ABA4-41B13E400046}.Release|Any CPU.Build.0 = Release|Any CPU
		{592A3E0D-B2EA-470D-ABA4-41B13E400046}.Release|ARM.ActiveCfg = Release|Any CPU
		{592A3E0D-B2EA-470D-ABA4-41B13E400046}.Release|ARM.Build.0 = Release|Any CPU
		{592A3E0D-B2EA-470D-ABA4-41B13E400046}.Release|ARM64.ActiveCfg = Release|Any CPU
		{592A3E0D-B2EA-470D-ABA4-41B13E400046}.Release|ARM64.Build.0 = Release|Any CPU
		{592A3E0D-B2EA-470D-ABA4-41B13E400046}.Release|x64.ActiveCfg = Release|Any CPU
		{592A3E0D-B2EA-470D-ABA4-41B13E400046}.Release|x64.Build.0 = Release|Any CPU
		{592A3E0D-B2EA-470D-ABA4-41B13E400046}.Release|x86.ActiveCfg = Release|Any CPU
		{592A3E0D-B2EA-470D-ABA4-41B13E400046}.Release|x86.Build.0 = Release|Any CPU
		{A021794B-2BBB-4751-BA5F-1E06E5E721AA}.Debug|Any CPU.ActiveCfg = Debug|Any CPU
		{A021794B-2BBB-4751-BA5F-1E06E5E721AA}.Debug|Any CPU.Build.0 = Debug|Any CPU
		{A021794B-2BBB-4751-BA5F-1E06E5E721AA}.Debug|Any CPU.Deploy.0 = Debug|Any CPU
		{A021794B-2BBB-4751-BA5F-1E06E5E721AA}.Debug|ARM.ActiveCfg = Debug|ARM
		{A021794B-2BBB-4751-BA5F-1E06E5E721AA}.Debug|ARM.Build.0 = Debug|ARM
		{A021794B-2BBB-4751-BA5F-1E06E5E721AA}.Debug|ARM.Deploy.0 = Debug|ARM
		{A021794B-2BBB-4751-BA5F-1E06E5E721AA}.Debug|ARM64.ActiveCfg = Debug|ARM64
		{A021794B-2BBB-4751-BA5F-1E06E5E721AA}.Debug|ARM64.Build.0 = Debug|ARM64
		{A021794B-2BBB-4751-BA5F-1E06E5E721AA}.Debug|ARM64.Deploy.0 = Debug|ARM64
		{A021794B-2BBB-4751-BA5F-1E06E5E721AA}.Debug|x64.ActiveCfg = Debug|x64
		{A021794B-2BBB-4751-BA5F-1E06E5E721AA}.Debug|x64.Build.0 = Debug|x64
		{A021794B-2BBB-4751-BA5F-1E06E5E721AA}.Debug|x64.Deploy.0 = Debug|x64
		{A021794B-2BBB-4751-BA5F-1E06E5E721AA}.Debug|x86.ActiveCfg = Debug|x86
		{A021794B-2BBB-4751-BA5F-1E06E5E721AA}.Debug|x86.Build.0 = Debug|x86
		{A021794B-2BBB-4751-BA5F-1E06E5E721AA}.Debug|x86.Deploy.0 = Debug|x86
		{A021794B-2BBB-4751-BA5F-1E06E5E721AA}.Release|Any CPU.ActiveCfg = Release|Any CPU
		{A021794B-2BBB-4751-BA5F-1E06E5E721AA}.Release|Any CPU.Build.0 = Release|Any CPU
		{A021794B-2BBB-4751-BA5F-1E06E5E721AA}.Release|Any CPU.Deploy.0 = Release|Any CPU
		{A021794B-2BBB-4751-BA5F-1E06E5E721AA}.Release|ARM.ActiveCfg = Release|ARM
		{A021794B-2BBB-4751-BA5F-1E06E5E721AA}.Release|ARM.Build.0 = Release|ARM
		{A021794B-2BBB-4751-BA5F-1E06E5E721AA}.Release|ARM.Deploy.0 = Release|ARM
		{A021794B-2BBB-4751-BA5F-1E06E5E721AA}.Release|ARM64.ActiveCfg = Release|ARM64
		{A021794B-2BBB-4751-BA5F-1E06E5E721AA}.Release|ARM64.Build.0 = Release|ARM64
		{A021794B-2BBB-4751-BA5F-1E06E5E721AA}.Release|ARM64.Deploy.0 = Release|ARM64
		{A021794B-2BBB-4751-BA5F-1E06E5E721AA}.Release|x64.ActiveCfg = Release|x64
		{A021794B-2BBB-4751-BA5F-1E06E5E721AA}.Release|x64.Build.0 = Release|x64
		{A021794B-2BBB-4751-BA5F-1E06E5E721AA}.Release|x64.Deploy.0 = Release|x64
		{A021794B-2BBB-4751-BA5F-1E06E5E721AA}.Release|x86.ActiveCfg = Release|x86
		{A021794B-2BBB-4751-BA5F-1E06E5E721AA}.Release|x86.Build.0 = Release|x86
		{A021794B-2BBB-4751-BA5F-1E06E5E721AA}.Release|x86.Deploy.0 = Release|x86
	EndGlobalSection
	GlobalSection(SolutionProperties) = preSolution
		HideSolutionNode = FALSE
	EndGlobalSection
	GlobalSection(ExtensibilityGlobals) = postSolution
		SolutionGuid = {1725F88F-1F7A-4218-9C70-A384A2ADC14A}
	EndGlobalSection
EndGlobal
